// !$*UTF8*$!
{
	archiveVersion = 1;
	classes = {
	};
	objectVersion = 56;
	objects = {

/* Begin PBXBuildFile section */
		3B226E542962D88100804ACA /* Socket in Frameworks */ = {isa = PBXBuildFile; productRef = 3B226E532962D88100804ACA /* Socket */; };
		3B3349F3296B050500A0F03C /* Background.swift in Sources */ = {isa = PBXBuildFile; fileRef = 3B3349F2296B050500A0F03C /* Background.swift */; };
		3B5B5B20296199840084E90F /* Request.swift in Sources */ = {isa = PBXBuildFile; fileRef = 3B5B5B1F296199840084E90F /* Request.swift */; };
		3B5B5B222961B6500084E90F /* Granularity.swift in Sources */ = {isa = PBXBuildFile; fileRef = 3B5B5B212961B6500084E90F /* Granularity.swift */; };
		3B714143295B24BC00B5358A /* OandaChandlerApp.swift in Sources */ = {isa = PBXBuildFile; fileRef = 3B714142295B24BC00B5358A /* OandaChandlerApp.swift */; };
		3B714145295B24BC00B5358A /* ContentView.swift in Sources */ = {isa = PBXBuildFile; fileRef = 3B714144295B24BC00B5358A /* ContentView.swift */; };
		3B714147295B24BE00B5358A /* Assets.xcassets in Resources */ = {isa = PBXBuildFile; fileRef = 3B714146295B24BE00B5358A /* Assets.xcassets */; };
		3B714152295B254400B5358A /* Candles.swift in Sources */ = {isa = PBXBuildFile; fileRef = 3B714151295B254400B5358A /* Candles.swift */; };
		3B79971C295C6DB500AD242A /* Creating.swift in Sources */ = {isa = PBXBuildFile; fileRef = 3B79971B295C6DB500AD242A /* Creating.swift */; };
		3B87BEC52961001800CCE50D /* AuthData.swift in Sources */ = {isa = PBXBuildFile; fileRef = 3B87BEC42961001800CCE50D /* AuthData.swift */; };
		3B87BEC62961019500CCE50D /* Preview Assets.xcassets in Resources */ = {isa = PBXBuildFile; fileRef = 3B714149295B24BE00B5358A /* Preview Assets.xcassets */; };
		3BD8BCCA2960779800B7A908 /* Date.swift in Sources */ = {isa = PBXBuildFile; fileRef = 3BD8BCC92960779800B7A908 /* Date.swift */; };
		3BD8BCCE29607E5600B7A908 /* Auth.swift in Sources */ = {isa = PBXBuildFile; fileRef = 3BD8BCCD29607E5600B7A908 /* Auth.swift */; };
		3BD8BCD029608A3F00B7A908 /* KeychainController.swift in Sources */ = {isa = PBXBuildFile; fileRef = 3BD8BCCF29608A3F00B7A908 /* KeychainController.swift */; };
/* End PBXBuildFile section */

/* Begin PBXFileReference section */
		3B3349F2296B050500A0F03C /* Background.swift */ = {isa = PBXFileReference; lastKnownFileType = sourcecode.swift; path = Background.swift; sourceTree = "<group>"; };
		3B5B5B1F296199840084E90F /* Request.swift */ = {isa = PBXFileReference; lastKnownFileType = sourcecode.swift; path = Request.swift; sourceTree = "<group>"; };
		3B5B5B212961B6500084E90F /* Granularity.swift */ = {isa = PBXFileReference; lastKnownFileType = sourcecode.swift; path = Granularity.swift; sourceTree = "<group>"; };
		3B71413F295B24BC00B5358A /* OandaChandler.app */ = {isa = PBXFileReference; explicitFileType = wrapper.application; includeInIndex = 0; path = OandaChandler.app; sourceTree = BUILT_PRODUCTS_DIR; };
		3B714142295B24BC00B5358A /* OandaChandlerApp.swift */ = {isa = PBXFileReference; lastKnownFileType = sourcecode.swift; path = OandaChandlerApp.swift; sourceTree = "<group>"; };
		3B714144295B24BC00B5358A /* ContentView.swift */ = {isa = PBXFileReference; lastKnownFileType = sourcecode.swift; path = ContentView.swift; sourceTree = "<group>"; };
		3B714146295B24BE00B5358A /* Assets.xcassets */ = {isa = PBXFileReference; lastKnownFileType = folder.assetcatalog; path = Assets.xcassets; sourceTree = "<group>"; };
		3B714149295B24BE00B5358A /* Preview Assets.xcassets */ = {isa = PBXFileReference; lastKnownFileType = folder.assetcatalog; path = "Preview Assets.xcassets"; sourceTree = "<group>"; };
		3B71414B295B24BE00B5358A /* OandaChandler.entitlements */ = {isa = PBXFileReference; lastKnownFileType = text.plist.entitlements; path = OandaChandler.entitlements; sourceTree = "<group>"; };
		3B714151295B254400B5358A /* Candles.swift */ = {isa = PBXFileReference; lastKnownFileType = sourcecode.swift; path = Candles.swift; sourceTree = "<group>"; };
		3B79971B295C6DB500AD242A /* Creating.swift */ = {isa = PBXFileReference; lastKnownFileType = sourcecode.swift; path = Creating.swift; sourceTree = "<group>"; };
		3B87BEC42961001800CCE50D /* AuthData.swift */ = {isa = PBXFileReference; lastKnownFileType = sourcecode.swift; path = AuthData.swift; sourceTree = "<group>"; };
		3BD8BCC92960779800B7A908 /* Date.swift */ = {isa = PBXFileReference; lastKnownFileType = sourcecode.swift; path = Date.swift; sourceTree = "<group>"; };
		3BD8BCCD29607E5600B7A908 /* Auth.swift */ = {isa = PBXFileReference; lastKnownFileType = sourcecode.swift; path = Auth.swift; sourceTree = "<group>"; };
		3BD8BCCF29608A3F00B7A908 /* KeychainController.swift */ = {isa = PBXFileReference; lastKnownFileType = sourcecode.swift; path = KeychainController.swift; sourceTree = "<group>"; };
/* End PBXFileReference section */

/* Begin PBXFrameworksBuildPhase section */
		3B71413C295B24BC00B5358A /* Frameworks */ = {
			isa = PBXFrameworksBuildPhase;
			buildActionMask = 2147483647;
			files = (
				3B226E542962D88100804ACA /* Socket in Frameworks */,
			);
			runOnlyForDeploymentPostprocessing = 0;
		};
/* End PBXFrameworksBuildPhase section */

/* Begin PBXGroup section */
		3B714136295B24BC00B5358A = {
			isa = PBXGroup;
			children = (
				3B714141295B24BC00B5358A /* OandaChandler */,
				3B714140295B24BC00B5358A /* Products */,
			);
			sourceTree = "<group>";
		};
		3B714140295B24BC00B5358A /* Products */ = {
			isa = PBXGroup;
			children = (
				3B71413F295B24BC00B5358A /* OandaChandler.app */,
			);
			name = Products;
			sourceTree = "<group>";
		};
		3B714141295B24BC00B5358A /* OandaChandler */ = {
			isa = PBXGroup;
			children = (
				3BD8BCCC2960781700B7A908 /* Data */,
				3BD8BCCB296077EE00B7A908 /* Views */,
				3B5B5B1F296199840084E90F /* Request.swift */,
				3BD8BCCF29608A3F00B7A908 /* KeychainController.swift */,
				3B714142295B24BC00B5358A /* OandaChandlerApp.swift */,
				3B714144295B24BC00B5358A /* ContentView.swift */,
				3B5B5B212961B6500084E90F /* Granularity.swift */,
				3B714146295B24BE00B5358A /* Assets.xcassets */,
				3B71414B295B24BE00B5358A /* OandaChandler.entitlements */,
				3B714148295B24BE00B5358A /* Preview Content */,
			);
			path = OandaChandler;
			sourceTree = "<group>";
		};
		3B714148295B24BE00B5358A /* Preview Content */ = {
			isa = PBXGroup;
			children = (
				3B714149295B24BE00B5358A /* Preview Assets.xcassets */,
			);
			path = "Preview Content";
			sourceTree = "<group>";
		};
		3BD8BCCB296077EE00B7A908 /* Views */ = {
			isa = PBXGroup;
			children = (
				3BD8BCCD29607E5600B7A908 /* Auth.swift */,
				3B79971B295C6DB500AD242A /* Creating.swift */,
				3B3349F2296B050500A0F03C /* Background.swift */,
			);
			path = Views;
			sourceTree = "<group>";
		};
		3BD8BCCC2960781700B7A908 /* Data */ = {
			isa = PBXGroup;
			children = (
				3BD8BCC92960779800B7A908 /* Date.swift */,
				3B714151295B254400B5358A /* Candles.swift */,
				3B87BEC42961001800CCE50D /* AuthData.swift */,
			);
			path = Data;
			sourceTree = "<group>";
		};
/* End PBXGroup section */

/* Begin PBXNativeTarget section */
		3B71413E295B24BC00B5358A /* OandaChandler */ = {
			isa = PBXNativeTarget;
			buildConfigurationList = 3B71414E295B24BE00B5358A /* Build configuration list for PBXNativeTarget "OandaChandler" */;
			buildPhases = (
				3B71413B295B24BC00B5358A /* Sources */,
				3B71413C295B24BC00B5358A /* Frameworks */,
				3B71413D295B24BC00B5358A /* Resources */,
			);
			buildRules = (
			);
			dependencies = (
			);
			name = OandaChandler;
			packageProductDependencies = (
				3B226E532962D88100804ACA /* Socket */,
			);
			productName = TradingCronical;
			productReference = 3B71413F295B24BC00B5358A /* OandaChandler.app */;
			productType = "com.apple.product-type.application";
		};
/* End PBXNativeTarget section */

/* Begin PBXProject section */
		3B714137295B24BC00B5358A /* Project object */ = {
			isa = PBXProject;
			attributes = {
				BuildIndependentTargetsInParallel = 1;
				LastSwiftUpdateCheck = 1420;
				LastUpgradeCheck = 1420;
				TargetAttributes = {
					3B71413E295B24BC00B5358A = {
						CreatedOnToolsVersion = 14.2;
					};
				};
			};
			buildConfigurationList = 3B71413A295B24BC00B5358A /* Build configuration list for PBXProject "OandaChandler" */;
			compatibilityVersion = "Xcode 14.0";
			developmentRegion = en;
			hasScannedForEncodings = 0;
			knownRegions = (
				en,
				Base,
			);
			mainGroup = 3B714136295B24BC00B5358A;
			packageReferences = (
				3B226E522962D88100804ACA /* XCRemoteSwiftPackageReference "BlueSocket" */,
			);
			productRefGroup = 3B714140295B24BC00B5358A /* Products */;
			projectDirPath = "";
			projectRoot = "";
			targets = (
				3B71413E295B24BC00B5358A /* OandaChandler */,
			);
		};
/* End PBXProject section */

/* Begin PBXResourcesBuildPhase section */
		3B71413D295B24BC00B5358A /* Resources */ = {
			isa = PBXResourcesBuildPhase;
			buildActionMask = 2147483647;
			files = (
				3B87BEC62961019500CCE50D /* Preview Assets.xcassets in Resources */,
				3B714147295B24BE00B5358A /* Assets.xcassets in Resources */,
			);
			runOnlyForDeploymentPostprocessing = 0;
		};
/* End PBXResourcesBuildPhase section */

/* Begin PBXSourcesBuildPhase section */
		3B71413B295B24BC00B5358A /* Sources */ = {
			isa = PBXSourcesBuildPhase;
			buildActionMask = 2147483647;
			files = (
				3B3349F3296B050500A0F03C /* Background.swift in Sources */,
				3B79971C295C6DB500AD242A /* Creating.swift in Sources */,
				3BD8BCCA2960779800B7A908 /* Date.swift in Sources */,
				3B5B5B222961B6500084E90F /* Granularity.swift in Sources */,
				3B714145295B24BC00B5358A /* ContentView.swift in Sources */,
				3B714152295B254400B5358A /* Candles.swift in Sources */,
				3BD8BCD029608A3F00B7A908 /* KeychainController.swift in Sources */,
				3B714143295B24BC00B5358A /* OandaChandlerApp.swift in Sources */,
				3BD8BCCE29607E5600B7A908 /* Auth.swift in Sources */,
				3B5B5B20296199840084E90F /* Request.swift in Sources */,
				3B87BEC52961001800CCE50D /* AuthData.swift in Sources */,
			);
			runOnlyForDeploymentPostprocessing = 0;
		};
/* End PBXSourcesBuildPhase section */

/* Begin XCBuildConfiguration section */
		3B71414C295B24BE00B5358A /* Debug */ = {
			isa = XCBuildConfiguration;
			buildSettings = {
				ALWAYS_SEARCH_USER_PATHS = NO;
				CLANG_ANALYZER_NONNULL = YES;
				CLANG_ANALYZER_NUMBER_OBJECT_CONVERSION = YES_AGGRESSIVE;
				CLANG_CXX_LANGUAGE_STANDARD = "gnu++20";
				CLANG_ENABLE_MODULES = YES;
				CLANG_ENABLE_OBJC_ARC = YES;
				CLANG_ENABLE_OBJC_WEAK = YES;
				CLANG_WARN_BLOCK_CAPTURE_AUTORELEASING = YES;
				CLANG_WARN_BOOL_CONVERSION = YES;
				CLANG_WARN_COMMA = YES;
				CLANG_WARN_CONSTANT_CONVERSION = YES;
				CLANG_WARN_DEPRECATED_OBJC_IMPLEMENTATIONS = YES;
				CLANG_WARN_DIRECT_OBJC_ISA_USAGE = YES_ERROR;
				CLANG_WARN_DOCUMENTATION_COMMENTS = YES;
				CLANG_WARN_EMPTY_BODY = YES;
				CLANG_WARN_ENUM_CONVERSION = YES;
				CLANG_WARN_INFINITE_RECURSION = YES;
				CLANG_WARN_INT_CONVERSION = YES;
				CLANG_WARN_NON_LITERAL_NULL_CONVERSION = YES;
				CLANG_WARN_OBJC_IMPLICIT_RETAIN_SELF = YES;
				CLANG_WARN_OBJC_LITERAL_CONVERSION = YES;
				CLANG_WARN_OBJC_ROOT_CLASS = YES_ERROR;
				CLANG_WARN_QUOTED_INCLUDE_IN_FRAMEWORK_HEADER = YES;
				CLANG_WARN_RANGE_LOOP_ANALYSIS = YES;
				CLANG_WARN_STRICT_PROTOTYPES = YES;
				CLANG_WARN_SUSPICIOUS_MOVE = YES;
				CLANG_WARN_UNGUARDED_AVAILABILITY = YES_AGGRESSIVE;
				CLANG_WARN_UNREACHABLE_CODE = YES;
				CLANG_WARN__DUPLICATE_METHOD_MATCH = YES;
				COPY_PHASE_STRIP = NO;
				DEBUG_INFORMATION_FORMAT = dwarf;
				ENABLE_STRICT_OBJC_MSGSEND = YES;
				ENABLE_TESTABILITY = YES;
				GCC_C_LANGUAGE_STANDARD = gnu11;
				GCC_DYNAMIC_NO_PIC = NO;
				GCC_NO_COMMON_BLOCKS = YES;
				GCC_OPTIMIZATION_LEVEL = 0;
				GCC_PREPROCESSOR_DEFINITIONS = (
					"DEBUG=1",
					"$(inherited)",
				);
				GCC_WARN_64_TO_32_BIT_CONVERSION = YES;
				GCC_WARN_ABOUT_RETURN_TYPE = YES_ERROR;
				GCC_WARN_UNDECLARED_SELECTOR = YES;
				GCC_WARN_UNINITIALIZED_AUTOS = YES_AGGRESSIVE;
				GCC_WARN_UNUSED_FUNCTION = YES;
				GCC_WARN_UNUSED_VARIABLE = YES;
				MACOSX_DEPLOYMENT_TARGET = 13.1;
				MTL_ENABLE_DEBUG_INFO = INCLUDE_SOURCE;
				MTL_FAST_MATH = YES;
				ONLY_ACTIVE_ARCH = YES;
				SDKROOT = macosx;
				SWIFT_ACTIVE_COMPILATION_CONDITIONS = DEBUG;
				SWIFT_OPTIMIZATION_LEVEL = "-Onone";
			};
			name = Debug;
		};
		3B71414D295B24BE00B5358A /* Release */ = {
			isa = XCBuildConfiguration;
			buildSettings = {
				ALWAYS_SEARCH_USER_PATHS = NO;
				CLANG_ANALYZER_NONNULL = YES;
				CLANG_ANALYZER_NUMBER_OBJECT_CONVERSION = YES_AGGRESSIVE;
				CLANG_CXX_LANGUAGE_STANDARD = "gnu++20";
				CLANG_ENABLE_MODULES = YES;
				CLANG_ENABLE_OBJC_ARC = YES;
				CLANG_ENABLE_OBJC_WEAK = YES;
				CLANG_WARN_BLOCK_CAPTURE_AUTORELEASING = YES;
				CLANG_WARN_BOOL_CONVERSION = YES;
				CLANG_WARN_COMMA = YES;
				CLANG_WARN_CONSTANT_CONVERSION = YES;
				CLANG_WARN_DEPRECATED_OBJC_IMPLEMENTATIONS = YES;
				CLANG_WARN_DIRECT_OBJC_ISA_USAGE = YES_ERROR;
				CLANG_WARN_DOCUMENTATION_COMMENTS = YES;
				CLANG_WARN_EMPTY_BODY = YES;
				CLANG_WARN_ENUM_CONVERSION = YES;
				CLANG_WARN_INFINITE_RECURSION = YES;
				CLANG_WARN_INT_CONVERSION = YES;
				CLANG_WARN_NON_LITERAL_NULL_CONVERSION = YES;
				CLANG_WARN_OBJC_IMPLICIT_RETAIN_SELF = YES;
				CLANG_WARN_OBJC_LITERAL_CONVERSION = YES;
				CLANG_WARN_OBJC_ROOT_CLASS = YES_ERROR;
				CLANG_WARN_QUOTED_INCLUDE_IN_FRAMEWORK_HEADER = YES;
				CLANG_WARN_RANGE_LOOP_ANALYSIS = YES;
				CLANG_WARN_STRICT_PROTOTYPES = YES;
				CLANG_WARN_SUSPICIOUS_MOVE = YES;
				CLANG_WARN_UNGUARDED_AVAILABILITY = YES_AGGRESSIVE;
				CLANG_WARN_UNREACHABLE_CODE = YES;
				CLANG_WARN__DUPLICATE_METHOD_MATCH = YES;
				COPY_PHASE_STRIP = NO;
				DEBUG_INFORMATION_FORMAT = "dwarf-with-dsym";
				ENABLE_NS_ASSERTIONS = NO;
				ENABLE_STRICT_OBJC_MSGSEND = YES;
				GCC_C_LANGUAGE_STANDARD = gnu11;
				GCC_NO_COMMON_BLOCKS = YES;
				GCC_WARN_64_TO_32_BIT_CONVERSION = YES;
				GCC_WARN_ABOUT_RETURN_TYPE = YES_ERROR;
				GCC_WARN_UNDECLARED_SELECTOR = YES;
				GCC_WARN_UNINITIALIZED_AUTOS = YES_AGGRESSIVE;
				GCC_WARN_UNUSED_FUNCTION = YES;
				GCC_WARN_UNUSED_VARIABLE = YES;
				MACOSX_DEPLOYMENT_TARGET = 13.1;
				MTL_ENABLE_DEBUG_INFO = NO;
				MTL_FAST_MATH = YES;
				SDKROOT = macosx;
				SWIFT_COMPILATION_MODE = wholemodule;
				SWIFT_OPTIMIZATION_LEVEL = "-O";
			};
			name = Release;
		};
		3B71414F295B24BE00B5358A /* Debug */ = {
			isa = XCBuildConfiguration;
			buildSettings = {
				ASSETCATALOG_COMPILER_APPICON_NAME = AppIcon;
				ASSETCATALOG_COMPILER_GLOBAL_ACCENT_COLOR_NAME = AccentColor;
				ASSETCATALOG_COMPILER_INCLUDE_ALL_APPICON_ASSETS = YES;
				CODE_SIGN_ENTITLEMENTS = OandaChandler/OandaChandler.entitlements;
				"CODE_SIGN_IDENTITY[sdk=macosx*]" = "Apple Development";
				CODE_SIGN_STYLE = Automatic;
				COMBINE_HIDPI_IMAGES = YES;
				CURRENT_PROJECT_VERSION = 1;
				DEVELOPMENT_ASSET_PATHS = "\"OandaChandler/Preview Content\"";
				DEVELOPMENT_TEAM = C9UTV7H2GN;
				ENABLE_HARDENED_RUNTIME = YES;
				ENABLE_PREVIEWS = YES;
				GENERATE_INFOPLIST_FILE = YES;
				INFOPLIST_KEY_NSHumanReadableCopyright = "";
				LD_RUNPATH_SEARCH_PATHS = (
					"$(inherited)",
					"@executable_path/../Frameworks",
				);
				MARKETING_VERSION = 1.0;
				PRODUCT_BUNDLE_IDENTIFIER = com.marbl.OandaChandler;
				PRODUCT_NAME = "$(TARGET_NAME)";
				SWIFT_EMIT_LOC_STRINGS = YES;
				SWIFT_VERSION = 5.0;
			};
			name = Debug;
		};
		3B714150295B24BE00B5358A /* Release */ = {
			isa = XCBuildConfiguration;
			buildSettings = {
				ASSETCATALOG_COMPILER_APPICON_NAME = AppIcon;
				ASSETCATALOG_COMPILER_GLOBAL_ACCENT_COLOR_NAME = AccentColor;
				ASSETCATALOG_COMPILER_INCLUDE_ALL_APPICON_ASSETS = YES;
				CODE_SIGN_ENTITLEMENTS = OandaChandler/OandaChandler.entitlements;
				"CODE_SIGN_IDENTITY[sdk=macosx*]" = "Apple Development";
				CODE_SIGN_STYLE = Automatic;
				COMBINE_HIDPI_IMAGES = YES;
				CURRENT_PROJECT_VERSION = 1;
				DEVELOPMENT_ASSET_PATHS = "\"OandaChandler/Preview Content\"";
				DEVELOPMENT_TEAM = C9UTV7H2GN;
				ENABLE_HARDENED_RUNTIME = YES;
				ENABLE_PREVIEWS = YES;
				GENERATE_INFOPLIST_FILE = YES;
				INFOPLIST_KEY_NSHumanReadableCopyright = "";
				LD_RUNPATH_SEARCH_PATHS = (
					"$(inherited)",
					"@executable_path/../Frameworks",
				);
				MARKETING_VERSION = 1.0;
				PRODUCT_BUNDLE_IDENTIFIER = com.marbl.OandaChandler;
				PRODUCT_NAME = "$(TARGET_NAME)";
				SWIFT_EMIT_LOC_STRINGS = YES;
				SWIFT_VERSION = 5.0;
			};
			name = Release;
		};
/* End XCBuildConfiguration section */

/* Begin XCConfigurationList section */
		3B71413A295B24BC00B5358A /* Build configuration list for PBXProject "OandaChandler" */ = {
			isa = XCConfigurationList;
			buildConfigurations = (
				3B71414C295B24BE00B5358A /* Debug */,
				3B71414D295B24BE00B5358A /* Release */,
			);
			defaultConfigurationIsVisible = 0;
			defaultConfigurationName = Release;
		};
		3B71414E295B24BE00B5358A /* Build configuration list for PBXNativeTarget "OandaChandler" */ = {
			isa = XCConfigurationList;
			buildConfigurations = (
				3B71414F295B24BE00B5358A /* Debug */,
				3B714150295B24BE00B5358A /* Release */,
			);
			defaultConfigurationIsVisible = 0;
			defaultConfigurationName = Release;
		};
/* End XCConfigurationList section */

/* Begin XCRemoteSwiftPackageReference section */
		3B226E522962D88100804ACA /* XCRemoteSwiftPackageReference "BlueSocket" */ = {
			isa = XCRemoteSwiftPackageReference;
			repositoryURL = "https://github.com/Kitura/BlueSocket.git";
			requirement = {
				kind = upToNextMajorVersion;
				minimumVersion = 2.0.0;
			};
		};
/* End XCRemoteSwiftPackageReference section */

/* Begin XCSwiftPackageProductDependency section */
		3B226E532962D88100804ACA /* Socket */ = {
			isa = XCSwiftPackageProductDependency;
			package = 3B226E522962D88100804ACA /* XCRemoteSwiftPackageReference "BlueSocket" */;
			productName = Socket;
		};
/* End XCSwiftPackageProductDependency section */
	};
	rootObject = 3B714137295B24BC00B5358A /* Project object */;
}
